
Microsoft Visual Studio Solution File, Format Version 12.00
# Visual Studio Version 17
VisualStudioVersion = 17.7.34031.279
MinimumVisualStudioVersion = 10.0.40219.1
Project("{FAE04EC0-301F-11D3-BF4B-00C04F79EFBC}") = "practice_14_10", "practice_14_10\practice_14_10.csproj", "{43EB79FF-9579-4E52-B43B-77708488E7FB}"
EndProject
Global
	GlobalSection(SolutionConfigurationPlatforms) = preSolution
		Debug|Any CPU = Debug|Any CPU
		Release|Any CPU = Release|Any CPU
	EndGlobalSection
	GlobalSection(ProjectConfigurationPlatforms) = postSolution
		{43EB79FF-9579-4E52-B43B-77708488E7FB}.Debug|Any CPU.ActiveCfg = Debug|Any CPU
		{43EB79FF-9579-4E52-B43B-77708488E7FB}.Debug|Any CPU.Build.0 = Debug|Any CPU
		{43EB79FF-9579-4E52-B43B-77708488E7FB}.Release|Any CPU.ActiveCfg = Release|Any CPU
		{43EB79FF-9579-4E52-B43B-77708488E7FB}.Release|Any CPU.Build.0 = Release|Any CPU
	EndGlobalSection
	GlobalSection(SolutionProperties) = preSolution
		HideSolutionNode = FALSE
	EndGlobalSection
	GlobalSection(ExtensibilityGlobals) = postSolution
		SolutionGuid = {819E126D-50A0-4C98-9BA5-34D4D4CF8783}
	EndGlobalSection
EndGlobal
